<?xml version="1.0" encoding="utf-8"?>
<Project ToolsVersion="4.0" xmlns="http://schemas.microsoft.com/developer/msbuild/2003">
  <ItemGroup>
    <Filter Include="Resource Files">
      <UniqueIdentifier>{67DA6AB6-F800-4c08-8B7A-83BB121AAD01}</UniqueIdentifier>
      <Extensions>rc;ico;cur;bmp;dlg;rc2;rct;bin;rgs;gif;jpg;jpeg;jpe;resx;tiff;tif;png;wav;mfcribbon-ms</Extensions>
    </Filter>
    <Filter Include="Managers">
      <UniqueIdentifier>{bb0c50f3-00ce-498b-b0cb-47a1c2d76c2c}</UniqueIdentifier>
    </Filter>
    <Filter Include="Managers\Header Files">
      <UniqueIdentifier>{8ffdc67c-146b-4909-837e-d5299ff3ab88}</UniqueIdentifier>
    </Filter>
    <Filter Include="Managers\Source Files">
      <UniqueIdentifier>{d7b29a8f-c57c-4dd5-8d27-15547d82cc21}</UniqueIdentifier>
    </Filter>
    <Filter Include="Entities">
      <UniqueIdentifier>{9f99dec5-c5ce-4220-99d2-22a487dc992a}</UniqueIdentifier>
    </Filter>
    <Filter Include="Entities\Header Files">
      <UniqueIdentifier>{4742a249-8be4-4357-acb2-4d4244011fad}</UniqueIdentifier>
    </Filter>
    <Filter Include="Entities\Source Files">
      <UniqueIdentifier>{42ba1550-a6ba-46e2-963e-519f31a5ab30}</UniqueIdentifier>
    </Filter>
    <Filter Include="Core">
      <UniqueIdentifier>{7f44d02d-3326-4f99-b4d4-6d55ad8584c9}</UniqueIdentifier>
    </Filter>
    <Filter Include="Core\Header Files">
      <UniqueIdentifier>{93995380-89BD-4b04-88EB-625FBE52EBFB}</UniqueIdentifier>
      <Extensions>h;hh;hpp;hxx;hm;inl;inc;ipp;xsd</Extensions>
    </Filter>
    <Filter Include="Core\Source Files">
      <UniqueIdentifier>{4FC737F1-C7A5-4376-A066-2A32D752A2FF}</UniqueIdentifier>
      <Extensions>cpp;c;cc;cxx;def;odl;idl;hpj;bat;asm;asmx</Extensions>
    </Filter>
    <Filter Include="Experimental">
      <UniqueIdentifier>{aadb7744-d83b-4ab1-b602-b8551999a19a}</UniqueIdentifier>
    </Filter>
    <Filter Include="Experimental\Header Files">
      <UniqueIdentifier>{0321b62a-0e64-4d0e-8ac2-8b275e45cdd9}</UniqueIdentifier>
    </Filter>
    <Filter Include="Experimental\Source Files">
      <UniqueIdentifier>{79d8a45e-03f8-4bd7-8122-ee1e6427e7a5}</UniqueIdentifier>
    </Filter>
  </ItemGroup>
  <ItemGroup>
    <ClCompile Include="main.cpp">
      <Filter>Core\Source Files</Filter>
    </ClCompile>
    <ClCompile Include="ExceptionManager.cpp">
      <Filter>Managers\Source Files</Filter>
    </ClCompile>
    <ClCompile Include="WindowManager.cpp">
      <Filter>Managers\Source Files</Filter>
    </ClCompile>
    <ClCompile Include="Constants.cpp">
      <Filter>Core\Source Files</Filter>
    </ClCompile>
    <ClCompile Include="BattleManager.cpp">
      <Filter>Managers\Source Files</Filter>
    </ClCompile>
    <ClCompile Include="ResourceManager.cpp">
      <Filter>Managers\Source Files</Filter>
    </ClCompile>
    <ClCompile Include="Tile.cpp">
      <Filter>Entities\Source Files</Filter>
    </ClCompile>
    <ClCompile Include="EntityManager.cpp">
      <Filter>Managers\Source Files</Filter>
    </ClCompile>
    <ClCompile Include="AI.cpp">
      <Filter>Core\Source Files</Filter>
    </ClCompile>
    <ClCompile Include="Character.cpp">
      <Filter>Entities\Source Files</Filter>
    </ClCompile>
    <ClCompile Include="UID.cpp">
      <Filter>Core\Source Files</Filter>
    </ClCompile>
    <ClCompile Include="IListener.cpp">
      <Filter>Core\Source Files</Filter>
    </ClCompile>
    <ClCompile Include="Event.cpp">
      <Filter>Core\Source Files</Filter>
    </ClCompile>
    <ClCompile Include="Components.cpp">
      <Filter>Entities\Source Files</Filter>
    </ClCompile>
    <ClCompile Include="EventManager.cpp">
      <Filter>Managers\Source Files</Filter>
    </ClCompile>
    <ClCompile Include="stdlibs.cpp">
      <Filter>Core\Source Files</Filter>
    </ClCompile>
    <ClCompile Include="Button.cpp">
      <Filter>Core\Source Files</Filter>
    </ClCompile>
    <ClCompile Include="Scenes.cpp">
      <Filter>Core\Source Files</Filter>
    </ClCompile>
  </ItemGroup>
  <ItemGroup>
    <ClInclude Include="ExceptionManager.h">
      <Filter>Managers\Header Files</Filter>
    </ClInclude>
    <ClInclude Include="WindowManager.h">
      <Filter>Managers\Header Files</Filter>
    </ClInclude>
    <ClInclude Include="Constants.h">
      <Filter>Core\Header Files</Filter>
    </ClInclude>
    <ClInclude Include="BattleManager.h">
      <Filter>Managers\Header Files</Filter>
    </ClInclude>
    <ClInclude Include="ResourceManager.h">
      <Filter>Managers\Header Files</Filter>
    </ClInclude>
    <ClInclude Include="Tile.h">
      <Filter>Entities\Header Files</Filter>
    </ClInclude>
    <ClInclude Include="EntityManager.h">
      <Filter>Managers\Header Files</Filter>
    </ClInclude>
    <ClInclude Include="AI.h">
      <Filter>Core\Header Files</Filter>
    </ClInclude>
    <ClInclude Include="Character.h">
      <Filter>Entities\Header Files</Filter>
    </ClInclude>
    <ClInclude Include="UID.h">
      <Filter>Core\Header Files</Filter>
    </ClInclude>
    <ClInclude Include="IListener.h">
      <Filter>Core\Header Files</Filter>
    </ClInclude>
    <ClInclude Include="Event.h">
      <Filter>Core\Header Files</Filter>
    </ClInclude>
    <ClInclude Include="Components.h">
      <Filter>Entities\Header Files</Filter>
    </ClInclude>
    <ClInclude Include="EventManager.h">
      <Filter>Managers\Header Files</Filter>
    </ClInclude>
    <ClInclude Include="stdlibs.h">
      <Filter>Core\Header Files</Filter>
    </ClInclude>
    <ClInclude Include="Button.h">
      <Filter>Core\Header Files</Filter>
    </ClInclude>
    <ClInclude Include="Scenes.h">
      <Filter>Core\Header Files</Filter>
    </ClInclude>
  </ItemGroup>
  <ItemGroup>
    <None Include="packages.config" />
  </ItemGroup>
  <ItemGroup>
    <Text Include="Readme.txt" />
  </ItemGroup>
</Project>